// !$*UTF8*$!
{
	archiveVersion = 1;
	classes = {
	};
	objectVersion = 52;
	objects = {

/* Begin PBXBuildFile section */
		851F72E826AA37E600E65D5F /* Introspect in Frameworks */ = {isa = PBXBuildFile; productRef = 851F72E726AA37E600E65D5F /* Introspect */; };
		851F72ED26AB15D100E65D5F /* View+onFirstAppear.swift in Sources */ = {isa = PBXBuildFile; fileRef = 851F72EC26AB15D100E65D5F /* View+onFirstAppear.swift */; };
		851F72EE26AB15D100E65D5F /* View+onFirstAppear.swift in Sources */ = {isa = PBXBuildFile; fileRef = 851F72EC26AB15D100E65D5F /* View+onFirstAppear.swift */; };
		851F72F426ADE94500E65D5F /* HighlightedTextEditor in Frameworks */ = {isa = PBXBuildFile; productRef = 851F72F326ADE94500E65D5F /* HighlightedTextEditor */; };
		851F72F626ADE95400E65D5F /* HighlightedTextEditor in Frameworks */ = {isa = PBXBuildFile; productRef = 851F72F526ADE95400E65D5F /* HighlightedTextEditor */; };
		855E535D26BAA1AF00B8D6C4 /* String+path.swift in Sources */ = {isa = PBXBuildFile; fileRef = 855E535C26BAA1AF00B8D6C4 /* String+path.swift */; };
		855E535E26BAA1AF00B8D6C4 /* String+path.swift in Sources */ = {isa = PBXBuildFile; fileRef = 855E535C26BAA1AF00B8D6C4 /* String+path.swift */; };
		855FDA7F26B36F01003CE86B /* Config.swift in Sources */ = {isa = PBXBuildFile; fileRef = 855FDA7E26B36F01003CE86B /* Config.swift */; };
		855FDA8026B36F01003CE86B /* Config.swift in Sources */ = {isa = PBXBuildFile; fileRef = 855FDA7E26B36F01003CE86B /* Config.swift */; };
		85773A8B2690BD9B004083BE /* Tests_iOS.swift in Sources */ = {isa = PBXBuildFile; fileRef = 85773A8A2690BD9B004083BE /* Tests_iOS.swift */; };
		85773A962690BD9B004083BE /* Tests_macOS.swift in Sources */ = {isa = PBXBuildFile; fileRef = 85773A952690BD9B004083BE /* Tests_macOS.swift */; };
		85773A982690BD9B004083BE /* personal_site_appApp.swift in Sources */ = {isa = PBXBuildFile; fileRef = 85773A6F2690BD9A004083BE /* personal_site_appApp.swift */; };
		85773A992690BD9B004083BE /* personal_site_appApp.swift in Sources */ = {isa = PBXBuildFile; fileRef = 85773A6F2690BD9A004083BE /* personal_site_appApp.swift */; };
		85773A9C2690BD9B004083BE /* Assets.xcassets in Resources */ = {isa = PBXBuildFile; fileRef = 85773A712690BD9B004083BE /* Assets.xcassets */; };
		85773A9D2690BD9B004083BE /* Assets.xcassets in Resources */ = {isa = PBXBuildFile; fileRef = 85773A712690BD9B004083BE /* Assets.xcassets */; };
		85773ABC2690DF45004083BE /* GithubService.swift in Sources */ = {isa = PBXBuildFile; fileRef = 85773ABB2690DF45004083BE /* GithubService.swift */; };
		85773AC52690E110004083BE /* MainViewModel.swift in Sources */ = {isa = PBXBuildFile; fileRef = 85773AC42690E110004083BE /* MainViewModel.swift */; };
		85773ACC2690E1A9004083BE /* MainView.swift in Sources */ = {isa = PBXBuildFile; fileRef = 85773ACB2690E1A9004083BE /* MainView.swift */; };
		85773ACD2690E210004083BE /* MainView.swift in Sources */ = {isa = PBXBuildFile; fileRef = 85773ACB2690E1A9004083BE /* MainView.swift */; };
		85773ACE2690E213004083BE /* MainViewModel.swift in Sources */ = {isa = PBXBuildFile; fileRef = 85773AC42690E110004083BE /* MainViewModel.swift */; };
		85773AD02690E21A004083BE /* GithubService.swift in Sources */ = {isa = PBXBuildFile; fileRef = 85773ABB2690DF45004083BE /* GithubService.swift */; };
		85773AFB26910A87004083BE /* Array+Appending.swift in Sources */ = {isa = PBXBuildFile; fileRef = 85773AF926910A87004083BE /* Array+Appending.swift */; };
		85773AFC26910A87004083BE /* Array+Appending.swift in Sources */ = {isa = PBXBuildFile; fileRef = 85773AF926910A87004083BE /* Array+Appending.swift */; };
		85773AFD26910A87004083BE /* MarkdownMetadataDecoder.swift in Sources */ = {isa = PBXBuildFile; fileRef = 85773AFA26910A87004083BE /* MarkdownMetadataDecoder.swift */; };
		85773AFE26910A87004083BE /* MarkdownMetadataDecoder.swift in Sources */ = {isa = PBXBuildFile; fileRef = 85773AFA26910A87004083BE /* MarkdownMetadataDecoder.swift */; };
		85773B0126910CE0004083BE /* Alamofire in Frameworks */ = {isa = PBXBuildFile; productRef = 85773B0026910CE0004083BE /* Alamofire */; };
		85773B0326910CE6004083BE /* Alamofire in Frameworks */ = {isa = PBXBuildFile; productRef = 85773B0226910CE6004083BE /* Alamofire */; };
		85773B08269116A6004083BE /* PageView.swift in Sources */ = {isa = PBXBuildFile; fileRef = 85773B07269116A6004083BE /* PageView.swift */; };
		85773B09269116A6004083BE /* PageView.swift in Sources */ = {isa = PBXBuildFile; fileRef = 85773B07269116A6004083BE /* PageView.swift */; };
		85773B0E269126F9004083BE /* ContentType.swift in Sources */ = {isa = PBXBuildFile; fileRef = 85773B0D269126F9004083BE /* ContentType.swift */; };
		85773B0F269126F9004083BE /* ContentType.swift in Sources */ = {isa = PBXBuildFile; fileRef = 85773B0D269126F9004083BE /* ContentType.swift */; };
		85773B1F2691BCEF004083BE /* String+indices.swift in Sources */ = {isa = PBXBuildFile; fileRef = 85773B1E2691BCEF004083BE /* String+indices.swift */; };
		85773B202691BCEF004083BE /* String+indices.swift in Sources */ = {isa = PBXBuildFile; fileRef = 85773B1E2691BCEF004083BE /* String+indices.swift */; };
		85773B232691CFC8004083BE /* PageViewModel.swift in Sources */ = {isa = PBXBuildFile; fileRef = 85773B222691CFC8004083BE /* PageViewModel.swift */; };
		85773B242691CFC8004083BE /* PageViewModel.swift in Sources */ = {isa = PBXBuildFile; fileRef = 85773B222691CFC8004083BE /* PageViewModel.swift */; };
		85773B262691D9AF004083BE /* ErrorView.swift in Sources */ = {isa = PBXBuildFile; fileRef = 85773B252691D9AF004083BE /* ErrorView.swift */; };
		85773B272691D9AF004083BE /* ErrorView.swift in Sources */ = {isa = PBXBuildFile; fileRef = 85773B252691D9AF004083BE /* ErrorView.swift */; };
		85773B2A26926E1B004083BE /* Introspect in Frameworks */ = {isa = PBXBuildFile; productRef = 85773B2926926E1B004083BE /* Introspect */; };
		85773B342693276B004083BE /* EditorView.swift in Sources */ = {isa = PBXBuildFile; fileRef = 85773B332693276B004083BE /* EditorView.swift */; };
		85773B352693276B004083BE /* EditorView.swift in Sources */ = {isa = PBXBuildFile; fileRef = 85773B332693276B004083BE /* EditorView.swift */; };
		85773B3726932774004083BE /* PreviewView.swift in Sources */ = {isa = PBXBuildFile; fileRef = 85773B3626932774004083BE /* PreviewView.swift */; };
		85773B3826932774004083BE /* PreviewView.swift in Sources */ = {isa = PBXBuildFile; fileRef = 85773B3626932774004083BE /* PreviewView.swift */; };
		85773B3A26932781004083BE /* MetadataView.swift in Sources */ = {isa = PBXBuildFile; fileRef = 85773B3926932781004083BE /* MetadataView.swift */; };
		85773B3B26932781004083BE /* MetadataView.swift in Sources */ = {isa = PBXBuildFile; fileRef = 85773B3926932781004083BE /* MetadataView.swift */; };
		85773B3D269346B8004083BE /* Navbar+color.swift in Sources */ = {isa = PBXBuildFile; fileRef = 85773B3C269346B8004083BE /* Navbar+color.swift */; };
		85773B3E269346B8004083BE /* Navbar+color.swift in Sources */ = {isa = PBXBuildFile; fileRef = 85773B3C269346B8004083BE /* Navbar+color.swift */; };
		85773B4026935BD5004083BE /* MultiSelectionView.swift in Sources */ = {isa = PBXBuildFile; fileRef = 85773B3F26935BD5004083BE /* MultiSelectionView.swift */; };
		85773B4126935BD5004083BE /* MultiSelectionView.swift in Sources */ = {isa = PBXBuildFile; fileRef = 85773B3F26935BD5004083BE /* MultiSelectionView.swift */; };
		85773B4326935BF7004083BE /* MultiSelection.swift in Sources */ = {isa = PBXBuildFile; fileRef = 85773B4226935BF7004083BE /* MultiSelection.swift */; };
		85773B4426935BF7004083BE /* MultiSelection.swift in Sources */ = {isa = PBXBuildFile; fileRef = 85773B4226935BF7004083BE /* MultiSelection.swift */; };
		85773B482699CCBE004083BE /* MultiTextView.swift in Sources */ = {isa = PBXBuildFile; fileRef = 85773B472699CCBE004083BE /* MultiTextView.swift */; };
		85773B492699CCBE004083BE /* MultiTextView.swift in Sources */ = {isa = PBXBuildFile; fileRef = 85773B472699CCBE004083BE /* MultiTextView.swift */; };
		85773B4C2699D842004083BE /* EnumPicker.swift in Sources */ = {isa = PBXBuildFile; fileRef = 85773B4B2699D842004083BE /* EnumPicker.swift */; };
		85773B4D2699D842004083BE /* EnumPicker.swift in Sources */ = {isa = PBXBuildFile; fileRef = 85773B4B2699D842004083BE /* EnumPicker.swift */; };
		85773B4F269C9789004083BE /* MultiText.swift in Sources */ = {isa = PBXBuildFile; fileRef = 85773B4E269C9789004083BE /* MultiText.swift */; };
		85773B50269C9789004083BE /* MultiText.swift in Sources */ = {isa = PBXBuildFile; fileRef = 85773B4E269C9789004083BE /* MultiText.swift */; };
		8591FF9326A6E9390015C5EE /* Kingfisher in Frameworks */ = {isa = PBXBuildFile; productRef = 8591FF9226A6E9390015C5EE /* Kingfisher */; };
		8591FF9526A6E94F0015C5EE /* Kingfisher in Frameworks */ = {isa = PBXBuildFile; productRef = 8591FF9426A6E94F0015C5EE /* Kingfisher */; };
		85983BBA26A1A05E0051DA2D /* ImagePicker.swift in Sources */ = {isa = PBXBuildFile; fileRef = 85983BB926A1A05E0051DA2D /* ImagePicker.swift */; };
		85983BBB26A1A05E0051DA2D /* ImagePicker.swift in Sources */ = {isa = PBXBuildFile; fileRef = 85983BB926A1A05E0051DA2D /* ImagePicker.swift */; };
		85983BC026A1AB060051DA2D /* Image.swift in Sources */ = {isa = PBXBuildFile; fileRef = 85983BBF26A1AB060051DA2D /* Image.swift */; };
		85983BC126A1AB060051DA2D /* Image.swift in Sources */ = {isa = PBXBuildFile; fileRef = 85983BBF26A1AB060051DA2D /* Image.swift */; };
		85C17A4926A06A8A00FF8FBB /* Encodable+dict.swift in Sources */ = {isa = PBXBuildFile; fileRef = 85C17A4826A06A8A00FF8FBB /* Encodable+dict.swift */; };
		85C17A4A26A06A8A00FF8FBB /* Encodable+dict.swift in Sources */ = {isa = PBXBuildFile; fileRef = 85C17A4826A06A8A00FF8FBB /* Encodable+dict.swift */; };
		85C17A4C26A0D3D200FF8FBB /* ListText.swift in Sources */ = {isa = PBXBuildFile; fileRef = 85C17A4B26A0D3D200FF8FBB /* ListText.swift */; };
		85C17A4D26A0D3D200FF8FBB /* ListText.swift in Sources */ = {isa = PBXBuildFile; fileRef = 85C17A4B26A0D3D200FF8FBB /* ListText.swift */; };
		85EA6B5A26BD56A0008A3FBC /* Types.swift in Sources */ = {isa = PBXBuildFile; fileRef = 85EA6B5426BD569F008A3FBC /* Types.swift */; };
		85EA6B5B26BD56A0008A3FBC /* CareerMetadata.swift in Sources */ = {isa = PBXBuildFile; fileRef = 85EA6B5526BD569F008A3FBC /* CareerMetadata.swift */; };
		85EA6B5C26BD56A0008A3FBC /* EventMetadata.swift in Sources */ = {isa = PBXBuildFile; fileRef = 85EA6B5626BD569F008A3FBC /* EventMetadata.swift */; };
		85EA6B5D26BD56A0008A3FBC /* AchievementMetadata.swift in Sources */ = {isa = PBXBuildFile; fileRef = 85EA6B5726BD569F008A3FBC /* AchievementMetadata.swift */; };
		85EA6B5E26BD56A0008A3FBC /* ProjectMetadata.swift in Sources */ = {isa = PBXBuildFile; fileRef = 85EA6B5826BD569F008A3FBC /* ProjectMetadata.swift */; };
		85EA6B5F26BD56A0008A3FBC /* BookMetadata.swift in Sources */ = {isa = PBXBuildFile; fileRef = 85EA6B5926BD56A0008A3FBC /* BookMetadata.swift */; };
		85EA6B6A26BD5881008A3FBC /* Node+bootstrap.swift in Sources */ = {isa = PBXBuildFile; fileRef = 85EA6B6426BD5881008A3FBC /* Node+bootstrap.swift */; };
		85EA6B6B26BD5881008A3FBC /* Node+bootstrap.swift in Sources */ = {isa = PBXBuildFile; fileRef = 85EA6B6426BD5881008A3FBC /* Node+bootstrap.swift */; };
		85EA6B6C26BD5881008A3FBC /* String+bootstrap.swift in Sources */ = {isa = PBXBuildFile; fileRef = 85EA6B6526BD5881008A3FBC /* String+bootstrap.swift */; };
		85EA6B6D26BD5881008A3FBC /* String+bootstrap.swift in Sources */ = {isa = PBXBuildFile; fileRef = 85EA6B6526BD5881008A3FBC /* String+bootstrap.swift */; };
		85EA6B6E26BD5881008A3FBC /* Node+nodes.swift in Sources */ = {isa = PBXBuildFile; fileRef = 85EA6B6626BD5881008A3FBC /* Node+nodes.swift */; };
		85EA6B6F26BD5881008A3FBC /* Node+nodes.swift in Sources */ = {isa = PBXBuildFile; fileRef = 85EA6B6626BD5881008A3FBC /* Node+nodes.swift */; };
		85EA6B7026BD5881008A3FBC /* Attribute+attrs.swift in Sources */ = {isa = PBXBuildFile; fileRef = 85EA6B6726BD5881008A3FBC /* Attribute+attrs.swift */; };
		85EA6B7126BD5881008A3FBC /* Attribute+attrs.swift in Sources */ = {isa = PBXBuildFile; fileRef = 85EA6B6726BD5881008A3FBC /* Attribute+attrs.swift */; };
		85EA6B7226BD5881008A3FBC /* Theme+Portfolio.swift in Sources */ = {isa = PBXBuildFile; fileRef = 85EA6B6826BD5881008A3FBC /* Theme+Portfolio.swift */; };
		85EA6B7326BD5881008A3FBC /* Theme+Portfolio.swift in Sources */ = {isa = PBXBuildFile; fileRef = 85EA6B6826BD5881008A3FBC /* Theme+Portfolio.swift */; };
		85EA6B7426BD5881008A3FBC /* Item+nodes.swift in Sources */ = {isa = PBXBuildFile; fileRef = 85EA6B6926BD5881008A3FBC /* Item+nodes.swift */; };
		85EA6B7526BD5881008A3FBC /* Item+nodes.swift in Sources */ = {isa = PBXBuildFile; fileRef = 85EA6B6926BD5881008A3FBC /* Item+nodes.swift */; };
		85EA6B7826BD6C20008A3FBC /* Publish in Frameworks */ = {isa = PBXBuildFile; productRef = 85EA6B7726BD6C20008A3FBC /* Publish */; };
		85EA6B7A26BD6C6D008A3FBC /* PortfolioSite.swift in Sources */ = {isa = PBXBuildFile; fileRef = 85EA6B7926BD6C6D008A3FBC /* PortfolioSite.swift */; };
		85EA6B7B26BD6C6D008A3FBC /* PortfolioSite.swift in Sources */ = {isa = PBXBuildFile; fileRef = 85EA6B7926BD6C6D008A3FBC /* PortfolioSite.swift */; };
		85EA6B7E26BDACD9008A3FBC /* Zip in Frameworks */ = {isa = PBXBuildFile; productRef = 85EA6B7D26BDACD9008A3FBC /* Zip */; };
		85EA6B8026BDACE8008A3FBC /* Zip in Frameworks */ = {isa = PBXBuildFile; productRef = 85EA6B7F26BDACE8008A3FBC /* Zip */; };
		85EA6B8326BE93F0008A3FBC /* GCDWebServers in Frameworks */ = {isa = PBXBuildFile; productRef = 85EA6B8226BE93F0008A3FBC /* GCDWebServers */; };
		85EA6B8526BE95B2008A3FBC /* PreviewServerService.swift in Sources */ = {isa = PBXBuildFile; fileRef = 85EA6B8426BE95B2008A3FBC /* PreviewServerService.swift */; };
		85EA6B8626BE95B2008A3FBC /* PreviewServerService.swift in Sources */ = {isa = PBXBuildFile; fileRef = 85EA6B8426BE95B2008A3FBC /* PreviewServerService.swift */; };
		85EA6B8826BE9A03008A3FBC /* PublishService.swift in Sources */ = {isa = PBXBuildFile; fileRef = 85EA6B8726BE9A03008A3FBC /* PublishService.swift */; };
		85EA6B8926BE9A03008A3FBC /* PublishService.swift in Sources */ = {isa = PBXBuildFile; fileRef = 85EA6B8726BE9A03008A3FBC /* PublishService.swift */; };
		85EA6B8C26BEA46E008A3FBC /* PreviewViewModel.swift in Sources */ = {isa = PBXBuildFile; fileRef = 85EA6B8B26BEA46E008A3FBC /* PreviewViewModel.swift */; };
		85EA6B8D26BEA46E008A3FBC /* PreviewViewModel.swift in Sources */ = {isa = PBXBuildFile; fileRef = 85EA6B8B26BEA46E008A3FBC /* PreviewViewModel.swift */; };
		85EA6B9026BEC41B008A3FBC /* Ink in Frameworks */ = {isa = PBXBuildFile; productRef = 85EA6B8F26BEC41B008A3FBC /* Ink */; };
/* End PBXBuildFile section */

/* Begin PBXContainerItemProxy section */
		85773A872690BD9B004083BE /* PBXContainerItemProxy */ = {
			isa = PBXContainerItemProxy;
			containerPortal = 85773A6A2690BD9A004083BE /* Project object */;
			proxyType = 1;
			remoteGlobalIDString = 85773A752690BD9B004083BE;
			remoteInfo = "personal_site_app (iOS)";
		};
		85773A922690BD9B004083BE /* PBXContainerItemProxy */ = {
			isa = PBXContainerItemProxy;
			containerPortal = 85773A6A2690BD9A004083BE /* Project object */;
			proxyType = 1;
			remoteGlobalIDString = 85773A7D2690BD9B004083BE;
			remoteInfo = "personal_site_app (macOS)";
		};
/* End PBXContainerItemProxy section */

/* Begin PBXCopyFilesBuildPhase section */
		851F72DD26AA311B00E65D5F /* Embed Frameworks */ = {
			isa = PBXCopyFilesBuildPhase;
			buildActionMask = 2147483647;
			dstPath = "";
			dstSubfolderSpec = 10;
			files = (
			);
			name = "Embed Frameworks";
			runOnlyForDeploymentPostprocessing = 0;
		};
		851F72E326AA312600E65D5F /* Embed Frameworks */ = {
			isa = PBXCopyFilesBuildPhase;
			buildActionMask = 2147483647;
			dstPath = "";
			dstSubfolderSpec = 10;
			files = (
			);
			name = "Embed Frameworks";
			runOnlyForDeploymentPostprocessing = 0;
		};
/* End PBXCopyFilesBuildPhase section */

/* Begin PBXFileReference section */
		8508FC8E26BFDEFD00FF48A8 /* libz.tbd */ = {isa = PBXFileReference; lastKnownFileType = "sourcecode.text-based-dylib-definition"; name = libz.tbd; path = usr/lib/libz.tbd; sourceTree = SDKROOT; };
		851F72E626AA36DF00E65D5F /* personal_site_app.entitlements */ = {isa = PBXFileReference; lastKnownFileType = text.plist.entitlements; path = personal_site_app.entitlements; sourceTree = "<group>"; };
		851F72EC26AB15D100E65D5F /* View+onFirstAppear.swift */ = {isa = PBXFileReference; lastKnownFileType = sourcecode.swift; path = "View+onFirstAppear.swift"; sourceTree = "<group>"; };
		855E535C26BAA1AF00B8D6C4 /* String+path.swift */ = {isa = PBXFileReference; lastKnownFileType = sourcecode.swift; path = "String+path.swift"; sourceTree = "<group>"; };
		855FDA7E26B36F01003CE86B /* Config.swift */ = {isa = PBXFileReference; lastKnownFileType = sourcecode.swift; path = Config.swift; sourceTree = "<group>"; };
		85773A6F2690BD9A004083BE /* personal_site_appApp.swift */ = {isa = PBXFileReference; lastKnownFileType = sourcecode.swift; path = personal_site_appApp.swift; sourceTree = "<group>"; };
		85773A712690BD9B004083BE /* Assets.xcassets */ = {isa = PBXFileReference; lastKnownFileType = folder.assetcatalog; path = Assets.xcassets; sourceTree = "<group>"; };
		85773A762690BD9B004083BE /* personal_site_app.app */ = {isa = PBXFileReference; explicitFileType = wrapper.application; includeInIndex = 0; path = personal_site_app.app; sourceTree = BUILT_PRODUCTS_DIR; };
		85773A792690BD9B004083BE /* Info.plist */ = {isa = PBXFileReference; lastKnownFileType = text.plist.xml; path = Info.plist; sourceTree = "<group>"; };
		85773A7E2690BD9B004083BE /* personal_site_app.app */ = {isa = PBXFileReference; explicitFileType = wrapper.application; includeInIndex = 0; path = personal_site_app.app; sourceTree = BUILT_PRODUCTS_DIR; };
		85773A802690BD9B004083BE /* Info.plist */ = {isa = PBXFileReference; lastKnownFileType = text.plist.xml; path = Info.plist; sourceTree = "<group>"; };
		85773A812690BD9B004083BE /* macOS.entitlements */ = {isa = PBXFileReference; lastKnownFileType = text.plist.entitlements; path = macOS.entitlements; sourceTree = "<group>"; };
		85773A862690BD9B004083BE /* Tests iOS.xctest */ = {isa = PBXFileReference; explicitFileType = wrapper.cfbundle; includeInIndex = 0; path = "Tests iOS.xctest"; sourceTree = BUILT_PRODUCTS_DIR; };
		85773A8A2690BD9B004083BE /* Tests_iOS.swift */ = {isa = PBXFileReference; lastKnownFileType = sourcecode.swift; path = Tests_iOS.swift; sourceTree = "<group>"; };
		85773A8C2690BD9B004083BE /* Info.plist */ = {isa = PBXFileReference; lastKnownFileType = text.plist.xml; path = Info.plist; sourceTree = "<group>"; };
		85773A912690BD9B004083BE /* Tests macOS.xctest */ = {isa = PBXFileReference; explicitFileType = wrapper.cfbundle; includeInIndex = 0; path = "Tests macOS.xctest"; sourceTree = BUILT_PRODUCTS_DIR; };
		85773A952690BD9B004083BE /* Tests_macOS.swift */ = {isa = PBXFileReference; lastKnownFileType = sourcecode.swift; path = Tests_macOS.swift; sourceTree = "<group>"; };
		85773A972690BD9B004083BE /* Info.plist */ = {isa = PBXFileReference; lastKnownFileType = text.plist.xml; path = Info.plist; sourceTree = "<group>"; };
		85773ABB2690DF45004083BE /* GithubService.swift */ = {isa = PBXFileReference; lastKnownFileType = sourcecode.swift; path = GithubService.swift; sourceTree = "<group>"; };
		85773AC42690E110004083BE /* MainViewModel.swift */ = {isa = PBXFileReference; lastKnownFileType = sourcecode.swift; path = MainViewModel.swift; sourceTree = "<group>"; };
		85773ACB2690E1A9004083BE /* MainView.swift */ = {isa = PBXFileReference; lastKnownFileType = sourcecode.swift; path = MainView.swift; sourceTree = "<group>"; };
		85773AF926910A87004083BE /* Array+Appending.swift */ = {isa = PBXFileReference; fileEncoding = 4; lastKnownFileType = sourcecode.swift; name = "Array+Appending.swift"; path = "Shared/publish/Sources/Publish/Internal/Array+Appending.swift"; sourceTree = SOURCE_ROOT; };
		85773AFA26910A87004083BE /* MarkdownMetadataDecoder.swift */ = {isa = PBXFileReference; fileEncoding = 4; lastKnownFileType = sourcecode.swift; name = MarkdownMetadataDecoder.swift; path = Shared/publish/Sources/Publish/Internal/MarkdownMetadataDecoder.swift; sourceTree = SOURCE_ROOT; };
		85773B07269116A6004083BE /* PageView.swift */ = {isa = PBXFileReference; lastKnownFileType = sourcecode.swift; path = PageView.swift; sourceTree = "<group>"; };
		85773B0D269126F9004083BE /* ContentType.swift */ = {isa = PBXFileReference; lastKnownFileType = sourcecode.swift; path = ContentType.swift; sourceTree = "<group>"; };
		85773B1E2691BCEF004083BE /* String+indices.swift */ = {isa = PBXFileReference; lastKnownFileType = sourcecode.swift; path = "String+indices.swift"; sourceTree = "<group>"; };
		85773B222691CFC8004083BE /* PageViewModel.swift */ = {isa = PBXFileReference; lastKnownFileType = sourcecode.swift; path = PageViewModel.swift; sourceTree = "<group>"; };
		85773B252691D9AF004083BE /* ErrorView.swift */ = {isa = PBXFileReference; lastKnownFileType = sourcecode.swift; path = ErrorView.swift; sourceTree = "<group>"; };
		85773B332693276B004083BE /* EditorView.swift */ = {isa = PBXFileReference; lastKnownFileType = sourcecode.swift; path = EditorView.swift; sourceTree = "<group>"; };
		85773B3626932774004083BE /* PreviewView.swift */ = {isa = PBXFileReference; lastKnownFileType = sourcecode.swift; path = PreviewView.swift; sourceTree = "<group>"; };
		85773B3926932781004083BE /* MetadataView.swift */ = {isa = PBXFileReference; lastKnownFileType = sourcecode.swift; path = MetadataView.swift; sourceTree = "<group>"; };
		85773B3C269346B8004083BE /* Navbar+color.swift */ = {isa = PBXFileReference; lastKnownFileType = sourcecode.swift; path = "Navbar+color.swift"; sourceTree = "<group>"; };
		85773B3F26935BD5004083BE /* MultiSelectionView.swift */ = {isa = PBXFileReference; lastKnownFileType = sourcecode.swift; path = MultiSelectionView.swift; sourceTree = "<group>"; };
		85773B4226935BF7004083BE /* MultiSelection.swift */ = {isa = PBXFileReference; lastKnownFileType = sourcecode.swift; path = MultiSelection.swift; sourceTree = "<group>"; };
		85773B472699CCBE004083BE /* MultiTextView.swift */ = {isa = PBXFileReference; lastKnownFileType = sourcecode.swift; path = MultiTextView.swift; sourceTree = "<group>"; };
		85773B4B2699D842004083BE /* EnumPicker.swift */ = {isa = PBXFileReference; lastKnownFileType = sourcecode.swift; path = EnumPicker.swift; sourceTree = "<group>"; };
		85773B4E269C9789004083BE /* MultiText.swift */ = {isa = PBXFileReference; lastKnownFileType = sourcecode.swift; path = MultiText.swift; sourceTree = "<group>"; };
		85983BB926A1A05E0051DA2D /* ImagePicker.swift */ = {isa = PBXFileReference; lastKnownFileType = sourcecode.swift; path = ImagePicker.swift; sourceTree = "<group>"; };
		85983BBF26A1AB060051DA2D /* Image.swift */ = {isa = PBXFileReference; lastKnownFileType = sourcecode.swift; path = Image.swift; sourceTree = "<group>"; };
		85C17A4826A06A8A00FF8FBB /* Encodable+dict.swift */ = {isa = PBXFileReference; lastKnownFileType = sourcecode.swift; path = "Encodable+dict.swift"; sourceTree = "<group>"; };
		85C17A4B26A0D3D200FF8FBB /* ListText.swift */ = {isa = PBXFileReference; lastKnownFileType = sourcecode.swift; path = ListText.swift; sourceTree = "<group>"; };
		85EA6B5426BD569F008A3FBC /* Types.swift */ = {isa = PBXFileReference; fileEncoding = 4; lastKnownFileType = sourcecode.swift; name = Types.swift; path = Shared/portfolio_site/Sources/PortfolioSite/Metadata/Types.swift; sourceTree = SOURCE_ROOT; };
		85EA6B5526BD569F008A3FBC /* CareerMetadata.swift */ = {isa = PBXFileReference; fileEncoding = 4; lastKnownFileType = sourcecode.swift; name = CareerMetadata.swift; path = Shared/portfolio_site/Sources/PortfolioSite/Metadata/CareerMetadata.swift; sourceTree = SOURCE_ROOT; };
		85EA6B5626BD569F008A3FBC /* EventMetadata.swift */ = {isa = PBXFileReference; fileEncoding = 4; lastKnownFileType = sourcecode.swift; name = EventMetadata.swift; path = Shared/portfolio_site/Sources/PortfolioSite/Metadata/EventMetadata.swift; sourceTree = SOURCE_ROOT; };
		85EA6B5726BD569F008A3FBC /* AchievementMetadata.swift */ = {isa = PBXFileReference; fileEncoding = 4; lastKnownFileType = sourcecode.swift; name = AchievementMetadata.swift; path = Shared/portfolio_site/Sources/PortfolioSite/Metadata/AchievementMetadata.swift; sourceTree = SOURCE_ROOT; };
		85EA6B5826BD569F008A3FBC /* ProjectMetadata.swift */ = {isa = PBXFileReference; fileEncoding = 4; lastKnownFileType = sourcecode.swift; name = ProjectMetadata.swift; path = Shared/portfolio_site/Sources/PortfolioSite/Metadata/ProjectMetadata.swift; sourceTree = SOURCE_ROOT; };
		85EA6B5926BD56A0008A3FBC /* BookMetadata.swift */ = {isa = PBXFileReference; fileEncoding = 4; lastKnownFileType = sourcecode.swift; name = BookMetadata.swift; path = Shared/portfolio_site/Sources/PortfolioSite/Metadata/BookMetadata.swift; sourceTree = SOURCE_ROOT; };
		85EA6B6426BD5881008A3FBC /* Node+bootstrap.swift */ = {isa = PBXFileReference; fileEncoding = 4; lastKnownFileType = sourcecode.swift; path = "Node+bootstrap.swift"; sourceTree = "<group>"; };
		85EA6B6526BD5881008A3FBC /* String+bootstrap.swift */ = {isa = PBXFileReference; fileEncoding = 4; lastKnownFileType = sourcecode.swift; path = "String+bootstrap.swift"; sourceTree = "<group>"; };
		85EA6B6626BD5881008A3FBC /* Node+nodes.swift */ = {isa = PBXFileReference; fileEncoding = 4; lastKnownFileType = sourcecode.swift; path = "Node+nodes.swift"; sourceTree = "<group>"; };
		85EA6B6726BD5881008A3FBC /* Attribute+attrs.swift */ = {isa = PBXFileReference; fileEncoding = 4; lastKnownFileType = sourcecode.swift; path = "Attribute+attrs.swift"; sourceTree = "<group>"; };
		85EA6B6826BD5881008A3FBC /* Theme+Portfolio.swift */ = {isa = PBXFileReference; fileEncoding = 4; lastKnownFileType = sourcecode.swift; path = "Theme+Portfolio.swift"; sourceTree = "<group>"; };
		85EA6B6926BD5881008A3FBC /* Item+nodes.swift */ = {isa = PBXFileReference; fileEncoding = 4; lastKnownFileType = sourcecode.swift; path = "Item+nodes.swift"; sourceTree = "<group>"; };
		85EA6B7926BD6C6D008A3FBC /* PortfolioSite.swift */ = {isa = PBXFileReference; lastKnownFileType = sourcecode.swift; path = PortfolioSite.swift; sourceTree = "<group>"; };
		85EA6B8426BE95B2008A3FBC /* PreviewServerService.swift */ = {isa = PBXFileReference; lastKnownFileType = sourcecode.swift; path = PreviewServerService.swift; sourceTree = "<group>"; };
		85EA6B8726BE9A03008A3FBC /* PublishService.swift */ = {isa = PBXFileReference; lastKnownFileType = sourcecode.swift; path = PublishService.swift; sourceTree = "<group>"; };
		85EA6B8B26BEA46E008A3FBC /* PreviewViewModel.swift */ = {isa = PBXFileReference; lastKnownFileType = sourcecode.swift; path = PreviewViewModel.swift; sourceTree = "<group>"; };
/* End PBXFileReference section */

/* Begin PBXFrameworksBuildPhase section */
		85773A732690BD9B004083BE /* Frameworks */ = {
			isa = PBXFrameworksBuildPhase;
			buildActionMask = 2147483647;
			files = (
				85EA6B9026BEC41B008A3FBC /* Ink in Frameworks */,
				85773B2A26926E1B004083BE /* Introspect in Frameworks */,
				85773B0126910CE0004083BE /* Alamofire in Frameworks */,
				85EA6B7826BD6C20008A3FBC /* Publish in Frameworks */,
				85EA6B8326BE93F0008A3FBC /* GCDWebServers in Frameworks */,
				851F72F426ADE94500E65D5F /* HighlightedTextEditor in Frameworks */,
				85EA6B7E26BDACD9008A3FBC /* Zip in Frameworks */,
				8591FF9326A6E9390015C5EE /* Kingfisher in Frameworks */,
			);
			runOnlyForDeploymentPostprocessing = 0;
		};
		85773A7B2690BD9B004083BE /* Frameworks */ = {
			isa = PBXFrameworksBuildPhase;
			buildActionMask = 2147483647;
			files = (
				85EA6B8026BDACE8008A3FBC /* Zip in Frameworks */,
				85773B0326910CE6004083BE /* Alamofire in Frameworks */,
				851F72F626ADE95400E65D5F /* HighlightedTextEditor in Frameworks */,
				851F72E826AA37E600E65D5F /* Introspect in Frameworks */,
				8591FF9526A6E94F0015C5EE /* Kingfisher in Frameworks */,
			);
			runOnlyForDeploymentPostprocessing = 0;
		};
		85773A832690BD9B004083BE /* Frameworks */ = {
			isa = PBXFrameworksBuildPhase;
			buildActionMask = 2147483647;
			files = (
			);
			runOnlyForDeploymentPostprocessing = 0;
		};
		85773A8E2690BD9B004083BE /* Frameworks */ = {
			isa = PBXFrameworksBuildPhase;
			buildActionMask = 2147483647;
			files = (
			);
			runOnlyForDeploymentPostprocessing = 0;
		};
/* End PBXFrameworksBuildPhase section */

/* Begin PBXGroup section */
		85773A692690BD9A004083BE = {
			isa = PBXGroup;
			children = (
				851F72E626AA36DF00E65D5F /* personal_site_app.entitlements */,
				85773A6E2690BD9A004083BE /* Shared */,
				85773A782690BD9B004083BE /* iOS */,
				85773A7F2690BD9B004083BE /* macOS */,
				85773A892690BD9B004083BE /* Tests iOS */,
				85773A942690BD9B004083BE /* Tests macOS */,
				85773A772690BD9B004083BE /* Products */,
				85773AB22690C067004083BE /* Frameworks */,
			);
			sourceTree = "<group>";
		};
		85773A6E2690BD9A004083BE /* Shared */ = {
			isa = PBXGroup;
			children = (
				85EA6B6226BD5881008A3FBC /* Theme */,
				85EA6B5326BD55D0008A3FBC /* PersonalSite */,
				855FDA7E26B36F01003CE86B /* Config.swift */,
				85773AE4269101B5004083BE /* Metadata */,
				85773AC62690E131004083BE /* Common */,
				85773AC22690E0E3004083BE /* Core */,
				85773ABA2690DF35004083BE /* Services */,
				85773A6F2690BD9A004083BE /* personal_site_appApp.swift */,
				85773A712690BD9B004083BE /* Assets.xcassets */,
			);
			path = Shared;
			sourceTree = "<group>";
		};
		85773A772690BD9B004083BE /* Products */ = {
			isa = PBXGroup;
			children = (
				85773A762690BD9B004083BE /* personal_site_app.app */,
				85773A7E2690BD9B004083BE /* personal_site_app.app */,
				85773A862690BD9B004083BE /* Tests iOS.xctest */,
				85773A912690BD9B004083BE /* Tests macOS.xctest */,
			);
			name = Products;
			sourceTree = "<group>";
		};
		85773A782690BD9B004083BE /* iOS */ = {
			isa = PBXGroup;
			children = (
				85773A792690BD9B004083BE /* Info.plist */,
			);
			path = iOS;
			sourceTree = "<group>";
		};
		85773A7F2690BD9B004083BE /* macOS */ = {
			isa = PBXGroup;
			children = (
				85773A802690BD9B004083BE /* Info.plist */,
				85773A812690BD9B004083BE /* macOS.entitlements */,
			);
			path = macOS;
			sourceTree = "<group>";
		};
		85773A892690BD9B004083BE /* Tests iOS */ = {
			isa = PBXGroup;
			children = (
				85773A8A2690BD9B004083BE /* Tests_iOS.swift */,
				85773A8C2690BD9B004083BE /* Info.plist */,
			);
			path = "Tests iOS";
			sourceTree = "<group>";
		};
		85773A942690BD9B004083BE /* Tests macOS */ = {
			isa = PBXGroup;
			children = (
				85773A952690BD9B004083BE /* Tests_macOS.swift */,
				85773A972690BD9B004083BE /* Info.plist */,
			);
			path = "Tests macOS";
			sourceTree = "<group>";
		};
		85773AB22690C067004083BE /* Frameworks */ = {
			isa = PBXGroup;
			children = (
				8508FC8E26BFDEFD00FF48A8 /* libz.tbd */,
			);
			name = Frameworks;
			sourceTree = "<group>";
		};
		85773ABA2690DF35004083BE /* Services */ = {
			isa = PBXGroup;
			children = (
				85773ABB2690DF45004083BE /* GithubService.swift */,
				85EA6B8426BE95B2008A3FBC /* PreviewServerService.swift */,
				85EA6B8726BE9A03008A3FBC /* PublishService.swift */,
			);
			path = Services;
			sourceTree = "<group>";
		};
		85773AC22690E0E3004083BE /* Core */ = {
			isa = PBXGroup;
			children = (
				85773B212691CFBC004083BE /* Page */,
				85773AC92690E15A004083BE /* Models */,
				85773AC32690E108004083BE /* Main */,
				85773B252691D9AF004083BE /* ErrorView.swift */,
			);
			path = Core;
			sourceTree = "<group>";
		};
		85773AC32690E108004083BE /* Main */ = {
			isa = PBXGroup;
			children = (
				85773AC42690E110004083BE /* MainViewModel.swift */,
				85773ACB2690E1A9004083BE /* MainView.swift */,
			);
			path = Main;
			sourceTree = "<group>";
		};
		85773AC62690E131004083BE /* Common */ = {
			isa = PBXGroup;
			children = (
				85773AF926910A87004083BE /* Array+Appending.swift */,
				85773AFA26910A87004083BE /* MarkdownMetadataDecoder.swift */,
				85773B1E2691BCEF004083BE /* String+indices.swift */,
				85773B3C269346B8004083BE /* Navbar+color.swift */,
				85C17A4826A06A8A00FF8FBB /* Encodable+dict.swift */,
				85983BB926A1A05E0051DA2D /* ImagePicker.swift */,
				85983BBF26A1AB060051DA2D /* Image.swift */,
				851F72EC26AB15D100E65D5F /* View+onFirstAppear.swift */,
				855E535C26BAA1AF00B8D6C4 /* String+path.swift */,
			);
			path = Common;
			sourceTree = "<group>";
		};
		85773AC92690E15A004083BE /* Models */ = {
			isa = PBXGroup;
			children = (
				85773B0D269126F9004083BE /* ContentType.swift */,
			);
			path = Models;
			sourceTree = "<group>";
		};
		85773AE4269101B5004083BE /* Metadata */ = {
			isa = PBXGroup;
			children = (
				85EA6B5726BD569F008A3FBC /* AchievementMetadata.swift */,
				85EA6B5926BD56A0008A3FBC /* BookMetadata.swift */,
				85EA6B5526BD569F008A3FBC /* CareerMetadata.swift */,
				85EA6B5626BD569F008A3FBC /* EventMetadata.swift */,
				85EA6B5826BD569F008A3FBC /* ProjectMetadata.swift */,
				85EA6B5426BD569F008A3FBC /* Types.swift */,
			);
			name = Metadata;
			path = personal_site/Sources/PortfolioSite/Metadata;
			sourceTree = "<group>";
		};
		85773B212691CFBC004083BE /* Page */ = {
			isa = PBXGroup;
			children = (
				85EA6B8A26BEA44C008A3FBC /* Preview */,
				85C17A4E26A0D3D700FF8FBB /* ListText */,
				85773B4A2699D830004083BE /* EnumPicker */,
				85773B462699CC93004083BE /* MultiText */,
				85773B4526935C06004083BE /* MultiSelection */,
				85773B222691CFC8004083BE /* PageViewModel.swift */,
				85773B07269116A6004083BE /* PageView.swift */,
				85773B332693276B004083BE /* EditorView.swift */,
				85773B3926932781004083BE /* MetadataView.swift */,
			);
			path = Page;
			sourceTree = "<group>";
		};
		85773B4526935C06004083BE /* MultiSelection */ = {
			isa = PBXGroup;
			children = (
				85773B3F26935BD5004083BE /* MultiSelectionView.swift */,
				85773B4226935BF7004083BE /* MultiSelection.swift */,
			);
			path = MultiSelection;
			sourceTree = "<group>";
		};
		85773B462699CC93004083BE /* MultiText */ = {
			isa = PBXGroup;
			children = (
				85773B472699CCBE004083BE /* MultiTextView.swift */,
				85773B4E269C9789004083BE /* MultiText.swift */,
			);
			path = MultiText;
			sourceTree = "<group>";
		};
		85773B4A2699D830004083BE /* EnumPicker */ = {
			isa = PBXGroup;
			children = (
				85773B4B2699D842004083BE /* EnumPicker.swift */,
			);
			path = EnumPicker;
			sourceTree = "<group>";
		};
		85C17A4E26A0D3D700FF8FBB /* ListText */ = {
			isa = PBXGroup;
			children = (
				85C17A4B26A0D3D200FF8FBB /* ListText.swift */,
			);
			path = ListText;
			sourceTree = "<group>";
		};
		85EA6B5326BD55D0008A3FBC /* PersonalSite */ = {
			isa = PBXGroup;
			children = (
				85EA6B7926BD6C6D008A3FBC /* PortfolioSite.swift */,
			);
			path = PersonalSite;
			sourceTree = "<group>";
		};
		85EA6B6226BD5881008A3FBC /* Theme */ = {
			isa = PBXGroup;
			children = (
				85EA6B6326BD5881008A3FBC /* Bootstrap */,
				85EA6B6626BD5881008A3FBC /* Node+nodes.swift */,
				85EA6B6726BD5881008A3FBC /* Attribute+attrs.swift */,
				85EA6B6826BD5881008A3FBC /* Theme+Portfolio.swift */,
				85EA6B6926BD5881008A3FBC /* Item+nodes.swift */,
			);
			name = Theme;
			path = portfolio_site/Sources/PortfolioSite/Theme;
			sourceTree = "<group>";
		};
		85EA6B6326BD5881008A3FBC /* Bootstrap */ = {
			isa = PBXGroup;
			children = (
				85EA6B6426BD5881008A3FBC /* Node+bootstrap.swift */,
				85EA6B6526BD5881008A3FBC /* String+bootstrap.swift */,
			);
			path = Bootstrap;
			sourceTree = "<group>";
		};
		85EA6B8A26BEA44C008A3FBC /* Preview */ = {
			isa = PBXGroup;
			children = (
				85773B3626932774004083BE /* PreviewView.swift */,
				85EA6B8B26BEA46E008A3FBC /* PreviewViewModel.swift */,
			);
			path = Preview;
			sourceTree = "<group>";
		};
/* End PBXGroup section */

/* Begin PBXNativeTarget section */
		85773A752690BD9B004083BE /* personal_site_app (iOS) */ = {
			isa = PBXNativeTarget;
			buildConfigurationList = 85773AA02690BD9B004083BE /* Build configuration list for PBXNativeTarget "personal_site_app (iOS)" */;
			buildPhases = (
				85773A722690BD9B004083BE /* Sources */,
				85773A732690BD9B004083BE /* Frameworks */,
				85773A742690BD9B004083BE /* Resources */,
				851F72DD26AA311B00E65D5F /* Embed Frameworks */,
			);
			buildRules = (
			);
			dependencies = (
			);
			name = "personal_site_app (iOS)";
			packageProductDependencies = (
				85773B0026910CE0004083BE /* Alamofire */,
				85773B2926926E1B004083BE /* Introspect */,
				8591FF9226A6E9390015C5EE /* Kingfisher */,
				851F72F326ADE94500E65D5F /* HighlightedTextEditor */,
				85EA6B7726BD6C20008A3FBC /* Publish */,
				85EA6B7D26BDACD9008A3FBC /* Zip */,
				85EA6B8226BE93F0008A3FBC /* GCDWebServers */,
				85EA6B8F26BEC41B008A3FBC /* Ink */,
			);
			productName = "personal_site_app (iOS)";
			productReference = 85773A762690BD9B004083BE /* personal_site_app.app */;
			productType = "com.apple.product-type.application";
		};
		85773A7D2690BD9B004083BE /* personal_site_app (macOS) */ = {
			isa = PBXNativeTarget;
			buildConfigurationList = 85773AA32690BD9B004083BE /* Build configuration list for PBXNativeTarget "personal_site_app (macOS)" */;
			buildPhases = (
				85773A7A2690BD9B004083BE /* Sources */,
				85773A7B2690BD9B004083BE /* Frameworks */,
				85773A7C2690BD9B004083BE /* Resources */,
				851F72E326AA312600E65D5F /* Embed Frameworks */,
			);
			buildRules = (
			);
			dependencies = (
			);
			name = "personal_site_app (macOS)";
			packageProductDependencies = (
				85773B0226910CE6004083BE /* Alamofire */,
				8591FF9426A6E94F0015C5EE /* Kingfisher */,
				851F72E726AA37E600E65D5F /* Introspect */,
				851F72F526ADE95400E65D5F /* HighlightedTextEditor */,
				85EA6B7F26BDACE8008A3FBC /* Zip */,
			);
			productName = "personal_site_app (macOS)";
			productReference = 85773A7E2690BD9B004083BE /* personal_site_app.app */;
			productType = "com.apple.product-type.application";
		};
		85773A852690BD9B004083BE /* Tests iOS */ = {
			isa = PBXNativeTarget;
			buildConfigurationList = 85773AA62690BD9B004083BE /* Build configuration list for PBXNativeTarget "Tests iOS" */;
			buildPhases = (
				85773A822690BD9B004083BE /* Sources */,
				85773A832690BD9B004083BE /* Frameworks */,
				85773A842690BD9B004083BE /* Resources */,
			);
			buildRules = (
			);
			dependencies = (
				85773A882690BD9B004083BE /* PBXTargetDependency */,
			);
			name = "Tests iOS";
			productName = "Tests iOS";
			productReference = 85773A862690BD9B004083BE /* Tests iOS.xctest */;
			productType = "com.apple.product-type.bundle.ui-testing";
		};
		85773A902690BD9B004083BE /* Tests macOS */ = {
			isa = PBXNativeTarget;
			buildConfigurationList = 85773AA92690BD9B004083BE /* Build configuration list for PBXNativeTarget "Tests macOS" */;
			buildPhases = (
				85773A8D2690BD9B004083BE /* Sources */,
				85773A8E2690BD9B004083BE /* Frameworks */,
				85773A8F2690BD9B004083BE /* Resources */,
			);
			buildRules = (
			);
			dependencies = (
				85773A932690BD9B004083BE /* PBXTargetDependency */,
			);
			name = "Tests macOS";
			productName = "Tests macOS";
			productReference = 85773A912690BD9B004083BE /* Tests macOS.xctest */;
			productType = "com.apple.product-type.bundle.ui-testing";
		};
/* End PBXNativeTarget section */

/* Begin PBXProject section */
		85773A6A2690BD9A004083BE /* Project object */ = {
			isa = PBXProject;
			attributes = {
				LastSwiftUpdateCheck = 1250;
				LastUpgradeCheck = 1250;
				TargetAttributes = {
					85773A752690BD9B004083BE = {
						CreatedOnToolsVersion = 12.5;
					};
					85773A7D2690BD9B004083BE = {
						CreatedOnToolsVersion = 12.5;
					};
					85773A852690BD9B004083BE = {
						CreatedOnToolsVersion = 12.5;
						TestTargetID = 85773A752690BD9B004083BE;
					};
					85773A902690BD9B004083BE = {
						CreatedOnToolsVersion = 12.5;
						TestTargetID = 85773A7D2690BD9B004083BE;
					};
				};
			};
			buildConfigurationList = 85773A6D2690BD9A004083BE /* Build configuration list for PBXProject "personal_site_app" */;
			compatibilityVersion = "Xcode 9.3";
			developmentRegion = en;
			hasScannedForEncodings = 0;
			knownRegions = (
				en,
				Base,
			);
			mainGroup = 85773A692690BD9A004083BE;
			packageReferences = (
				85773AFF26910CE0004083BE /* XCRemoteSwiftPackageReference "Alamofire" */,
				85773B2826926E1B004083BE /* XCRemoteSwiftPackageReference "SwiftUI-Introspect" */,
				8591FF9126A6E9390015C5EE /* XCRemoteSwiftPackageReference "Kingfisher" */,
				851F72F226ADE94500E65D5F /* XCRemoteSwiftPackageReference "HighlightedTextEditor" */,
				85EA6B7626BD6C20008A3FBC /* XCRemoteSwiftPackageReference "Publish" */,
				85EA6B7C26BDACD9008A3FBC /* XCRemoteSwiftPackageReference "zip" */,
				85EA6B8126BE93F0008A3FBC /* XCRemoteSwiftPackageReference "GCDWebServer" */,
				85EA6B8E26BEC41B008A3FBC /* XCRemoteSwiftPackageReference "Ink" */,
			);
			productRefGroup = 85773A772690BD9B004083BE /* Products */;
			projectDirPath = "";
			projectRoot = "";
			targets = (
				85773A752690BD9B004083BE /* personal_site_app (iOS) */,
				85773A7D2690BD9B004083BE /* personal_site_app (macOS) */,
				85773A852690BD9B004083BE /* Tests iOS */,
				85773A902690BD9B004083BE /* Tests macOS */,
			);
		};
/* End PBXProject section */

/* Begin PBXResourcesBuildPhase section */
		85773A742690BD9B004083BE /* Resources */ = {
			isa = PBXResourcesBuildPhase;
			buildActionMask = 2147483647;
			files = (
				85773A9C2690BD9B004083BE /* Assets.xcassets in Resources */,
			);
			runOnlyForDeploymentPostprocessing = 0;
		};
		85773A7C2690BD9B004083BE /* Resources */ = {
			isa = PBXResourcesBuildPhase;
			buildActionMask = 2147483647;
			files = (
				85773A9D2690BD9B004083BE /* Assets.xcassets in Resources */,
			);
			runOnlyForDeploymentPostprocessing = 0;
		};
		85773A842690BD9B004083BE /* Resources */ = {
			isa = PBXResourcesBuildPhase;
			buildActionMask = 2147483647;
			files = (
			);
			runOnlyForDeploymentPostprocessing = 0;
		};
		85773A8F2690BD9B004083BE /* Resources */ = {
			isa = PBXResourcesBuildPhase;
			buildActionMask = 2147483647;
			files = (
			);
			runOnlyForDeploymentPostprocessing = 0;
		};
/* End PBXResourcesBuildPhase section */

/* Begin PBXSourcesBuildPhase section */
		85773A722690BD9B004083BE /* Sources */ = {
			isa = PBXSourcesBuildPhase;
			buildActionMask = 2147483647;
			files = (
				85EA6B7026BD5881008A3FBC /* Attribute+attrs.swift in Sources */,
				85EA6B7426BD5881008A3FBC /* Item+nodes.swift in Sources */,
				85EA6B5B26BD56A0008A3FBC /* CareerMetadata.swift in Sources */,
				85773B482699CCBE004083BE /* MultiTextView.swift in Sources */,
				85C17A4C26A0D3D200FF8FBB /* ListText.swift in Sources */,
				85773B08269116A6004083BE /* PageView.swift in Sources */,
				85EA6B5D26BD56A0008A3FBC /* AchievementMetadata.swift in Sources */,
				85EA6B5A26BD56A0008A3FBC /* Types.swift in Sources */,
				85EA6B6C26BD5881008A3FBC /* String+bootstrap.swift in Sources */,
				85C17A4926A06A8A00FF8FBB /* Encodable+dict.swift in Sources */,
				85EA6B8C26BEA46E008A3FBC /* PreviewViewModel.swift in Sources */,
				85983BBA26A1A05E0051DA2D /* ImagePicker.swift in Sources */,
				85EA6B6E26BD5881008A3FBC /* Node+nodes.swift in Sources */,
				85EA6B5E26BD56A0008A3FBC /* ProjectMetadata.swift in Sources */,
				85773ACC2690E1A9004083BE /* MainView.swift in Sources */,
				85773B262691D9AF004083BE /* ErrorView.swift in Sources */,
				85773B3A26932781004083BE /* MetadataView.swift in Sources */,
				85773B1F2691BCEF004083BE /* String+indices.swift in Sources */,
				85773AFB26910A87004083BE /* Array+Appending.swift in Sources */,
				85773B3726932774004083BE /* PreviewView.swift in Sources */,
				85EA6B8826BE9A03008A3FBC /* PublishService.swift in Sources */,
				85773B4F269C9789004083BE /* MultiText.swift in Sources */,
				851F72ED26AB15D100E65D5F /* View+onFirstAppear.swift in Sources */,
				855E535D26BAA1AF00B8D6C4 /* String+path.swift in Sources */,
				85EA6B5F26BD56A0008A3FBC /* BookMetadata.swift in Sources */,
				85773B232691CFC8004083BE /* PageViewModel.swift in Sources */,
				85773B3D269346B8004083BE /* Navbar+color.swift in Sources */,
				85EA6B7226BD5881008A3FBC /* Theme+Portfolio.swift in Sources */,
				85EA6B8526BE95B2008A3FBC /* PreviewServerService.swift in Sources */,
				85773B342693276B004083BE /* EditorView.swift in Sources */,
				85983BC026A1AB060051DA2D /* Image.swift in Sources */,
				85773A982690BD9B004083BE /* personal_site_appApp.swift in Sources */,
				85773ABC2690DF45004083BE /* GithubService.swift in Sources */,
				85EA6B7A26BD6C6D008A3FBC /* PortfolioSite.swift in Sources */,
				85773B4026935BD5004083BE /* MultiSelectionView.swift in Sources */,
				85EA6B6A26BD5881008A3FBC /* Node+bootstrap.swift in Sources */,
				85EA6B5C26BD56A0008A3FBC /* EventMetadata.swift in Sources */,
				85773B0E269126F9004083BE /* ContentType.swift in Sources */,
				85773AFD26910A87004083BE /* MarkdownMetadataDecoder.swift in Sources */,
				85773B4C2699D842004083BE /* EnumPicker.swift in Sources */,
				855FDA7F26B36F01003CE86B /* Config.swift in Sources */,
				85773AC52690E110004083BE /* MainViewModel.swift in Sources */,
				85773B4326935BF7004083BE /* MultiSelection.swift in Sources */,
			);
			runOnlyForDeploymentPostprocessing = 0;
		};
		85773A7A2690BD9B004083BE /* Sources */ = {
			isa = PBXSourcesBuildPhase;
			buildActionMask = 2147483647;
			files = (
				85773B492699CCBE004083BE /* MultiTextView.swift in Sources */,
				85EA6B6D26BD5881008A3FBC /* String+bootstrap.swift in Sources */,
				85C17A4D26A0D3D200FF8FBB /* ListText.swift in Sources */,
				85773B09269116A6004083BE /* PageView.swift in Sources */,
				85C17A4A26A06A8A00FF8FBB /* Encodable+dict.swift in Sources */,
				85983BBB26A1A05E0051DA2D /* ImagePicker.swift in Sources */,
				85EA6B8D26BEA46E008A3FBC /* PreviewViewModel.swift in Sources */,
				85EA6B7126BD5881008A3FBC /* Attribute+attrs.swift in Sources */,
				85773AD02690E21A004083BE /* GithubService.swift in Sources */,
				85773B272691D9AF004083BE /* ErrorView.swift in Sources */,
				85773B3B26932781004083BE /* MetadataView.swift in Sources */,
				85EA6B6F26BD5881008A3FBC /* Node+nodes.swift in Sources */,
				85773B202691BCEF004083BE /* String+indices.swift in Sources */,
				85EA6B7326BD5881008A3FBC /* Theme+Portfolio.swift in Sources */,
				85773AFC26910A87004083BE /* Array+Appending.swift in Sources */,
				85773B3826932774004083BE /* PreviewView.swift in Sources */,
				85773B50269C9789004083BE /* MultiText.swift in Sources */,
				85EA6B7526BD5881008A3FBC /* Item+nodes.swift in Sources */,
				851F72EE26AB15D100E65D5F /* View+onFirstAppear.swift in Sources */,
				855E535E26BAA1AF00B8D6C4 /* String+path.swift in Sources */,
				85EA6B8926BE9A03008A3FBC /* PublishService.swift in Sources */,
				85773B242691CFC8004083BE /* PageViewModel.swift in Sources */,
				85773B3E269346B8004083BE /* Navbar+color.swift in Sources */,
				85773B352693276B004083BE /* EditorView.swift in Sources */,
				85983BC126A1AB060051DA2D /* Image.swift in Sources */,
				85773ACD2690E210004083BE /* MainView.swift in Sources */,
				85773A992690BD9B004083BE /* personal_site_appApp.swift in Sources */,
				85773B4126935BD5004083BE /* MultiSelectionView.swift in Sources */,
				85773B0F269126F9004083BE /* ContentType.swift in Sources */,
				85773AFE26910A87004083BE /* MarkdownMetadataDecoder.swift in Sources */,
				85773B4D2699D842004083BE /* EnumPicker.swift in Sources */,
				855FDA8026B36F01003CE86B /* Config.swift in Sources */,
				85EA6B7B26BD6C6D008A3FBC /* PortfolioSite.swift in Sources */,
				85773ACE2690E213004083BE /* MainViewModel.swift in Sources */,
				85EA6B8626BE95B2008A3FBC /* PreviewServerService.swift in Sources */,
				85EA6B6B26BD5881008A3FBC /* Node+bootstrap.swift in Sources */,
				85773B4426935BF7004083BE /* MultiSelection.swift in Sources */,
			);
			runOnlyForDeploymentPostprocessing = 0;
		};
		85773A822690BD9B004083BE /* Sources */ = {
			isa = PBXSourcesBuildPhase;
			buildActionMask = 2147483647;
			files = (
				85773A8B2690BD9B004083BE /* Tests_iOS.swift in Sources */,
			);
			runOnlyForDeploymentPostprocessing = 0;
		};
		85773A8D2690BD9B004083BE /* Sources */ = {
			isa = PBXSourcesBuildPhase;
			buildActionMask = 2147483647;
			files = (
				85773A962690BD9B004083BE /* Tests_macOS.swift in Sources */,
			);
			runOnlyForDeploymentPostprocessing = 0;
		};
/* End PBXSourcesBuildPhase section */

/* Begin PBXTargetDependency section */
		85773A882690BD9B004083BE /* PBXTargetDependency */ = {
			isa = PBXTargetDependency;
			target = 85773A752690BD9B004083BE /* personal_site_app (iOS) */;
			targetProxy = 85773A872690BD9B004083BE /* PBXContainerItemProxy */;
		};
		85773A932690BD9B004083BE /* PBXTargetDependency */ = {
			isa = PBXTargetDependency;
			target = 85773A7D2690BD9B004083BE /* personal_site_app (macOS) */;
			targetProxy = 85773A922690BD9B004083BE /* PBXContainerItemProxy */;
		};
/* End PBXTargetDependency section */

/* Begin XCBuildConfiguration section */
		85773A9E2690BD9B004083BE /* Debug */ = {
			isa = XCBuildConfiguration;
			buildSettings = {
				ALWAYS_SEARCH_USER_PATHS = NO;
				CLANG_ANALYZER_NONNULL = YES;
				CLANG_ANALYZER_NUMBER_OBJECT_CONVERSION = YES_AGGRESSIVE;
				CLANG_CXX_LANGUAGE_STANDARD = "gnu++14";
				CLANG_CXX_LIBRARY = "libc++";
				CLANG_ENABLE_MODULES = YES;
				CLANG_ENABLE_OBJC_ARC = YES;
				CLANG_ENABLE_OBJC_WEAK = YES;
				CLANG_WARN_BLOCK_CAPTURE_AUTORELEASING = YES;
				CLANG_WARN_BOOL_CONVERSION = YES;
				CLANG_WARN_COMMA = YES;
				CLANG_WARN_CONSTANT_CONVERSION = YES;
				CLANG_WARN_DEPRECATED_OBJC_IMPLEMENTATIONS = YES;
				CLANG_WARN_DIRECT_OBJC_ISA_USAGE = YES_ERROR;
				CLANG_WARN_DOCUMENTATION_COMMENTS = YES;
				CLANG_WARN_EMPTY_BODY = YES;
				CLANG_WARN_ENUM_CONVERSION = YES;
				CLANG_WARN_INFINITE_RECURSION = YES;
				CLANG_WARN_INT_CONVERSION = YES;
				CLANG_WARN_NON_LITERAL_NULL_CONVERSION = YES;
				CLANG_WARN_OBJC_IMPLICIT_RETAIN_SELF = YES;
				CLANG_WARN_OBJC_LITERAL_CONVERSION = YES;
				CLANG_WARN_OBJC_ROOT_CLASS = YES_ERROR;
				CLANG_WARN_QUOTED_INCLUDE_IN_FRAMEWORK_HEADER = YES;
				CLANG_WARN_RANGE_LOOP_ANALYSIS = YES;
				CLANG_WARN_STRICT_PROTOTYPES = YES;
				CLANG_WARN_SUSPICIOUS_MOVE = YES;
				CLANG_WARN_UNGUARDED_AVAILABILITY = YES_AGGRESSIVE;
				CLANG_WARN_UNREACHABLE_CODE = YES;
				CLANG_WARN__DUPLICATE_METHOD_MATCH = YES;
				COPY_PHASE_STRIP = NO;
				DEBUG_INFORMATION_FORMAT = dwarf;
				ENABLE_STRICT_OBJC_MSGSEND = YES;
				ENABLE_TESTABILITY = YES;
				GCC_C_LANGUAGE_STANDARD = gnu11;
				GCC_DYNAMIC_NO_PIC = NO;
				GCC_NO_COMMON_BLOCKS = YES;
				GCC_OPTIMIZATION_LEVEL = 0;
				GCC_PREPROCESSOR_DEFINITIONS = (
					"DEBUG=1",
					"$(inherited)",
				);
				GCC_WARN_64_TO_32_BIT_CONVERSION = YES;
				GCC_WARN_ABOUT_RETURN_TYPE = YES_ERROR;
				GCC_WARN_UNDECLARED_SELECTOR = YES;
				GCC_WARN_UNINITIALIZED_AUTOS = YES_AGGRESSIVE;
				GCC_WARN_UNUSED_FUNCTION = YES;
				GCC_WARN_UNUSED_VARIABLE = YES;
				MTL_ENABLE_DEBUG_INFO = INCLUDE_SOURCE;
				MTL_FAST_MATH = YES;
				ONLY_ACTIVE_ARCH = YES;
				SWIFT_ACTIVE_COMPILATION_CONDITIONS = DEBUG;
				SWIFT_OPTIMIZATION_LEVEL = "-Onone";
			};
			name = Debug;
		};
		85773A9F2690BD9B004083BE /* Release */ = {
			isa = XCBuildConfiguration;
			buildSettings = {
				ALWAYS_SEARCH_USER_PATHS = NO;
				CLANG_ANALYZER_NONNULL = YES;
				CLANG_ANALYZER_NUMBER_OBJECT_CONVERSION = YES_AGGRESSIVE;
				CLANG_CXX_LANGUAGE_STANDARD = "gnu++14";
				CLANG_CXX_LIBRARY = "libc++";
				CLANG_ENABLE_MODULES = YES;
				CLANG_ENABLE_OBJC_ARC = YES;
				CLANG_ENABLE_OBJC_WEAK = YES;
				CLANG_WARN_BLOCK_CAPTURE_AUTORELEASING = YES;
				CLANG_WARN_BOOL_CONVERSION = YES;
				CLANG_WARN_COMMA = YES;
				CLANG_WARN_CONSTANT_CONVERSION = YES;
				CLANG_WARN_DEPRECATED_OBJC_IMPLEMENTATIONS = YES;
				CLANG_WARN_DIRECT_OBJC_ISA_USAGE = YES_ERROR;
				CLANG_WARN_DOCUMENTATION_COMMENTS = YES;
				CLANG_WARN_EMPTY_BODY = YES;
				CLANG_WARN_ENUM_CONVERSION = YES;
				CLANG_WARN_INFINITE_RECURSION = YES;
				CLANG_WARN_INT_CONVERSION = YES;
				CLANG_WARN_NON_LITERAL_NULL_CONVERSION = YES;
				CLANG_WARN_OBJC_IMPLICIT_RETAIN_SELF = YES;
				CLANG_WARN_OBJC_LITERAL_CONVERSION = YES;
				CLANG_WARN_OBJC_ROOT_CLASS = YES_ERROR;
				CLANG_WARN_QUOTED_INCLUDE_IN_FRAMEWORK_HEADER = YES;
				CLANG_WARN_RANGE_LOOP_ANALYSIS = YES;
				CLANG_WARN_STRICT_PROTOTYPES = YES;
				CLANG_WARN_SUSPICIOUS_MOVE = YES;
				CLANG_WARN_UNGUARDED_AVAILABILITY = YES_AGGRESSIVE;
				CLANG_WARN_UNREACHABLE_CODE = YES;
				CLANG_WARN__DUPLICATE_METHOD_MATCH = YES;
				COPY_PHASE_STRIP = NO;
				DEBUG_INFORMATION_FORMAT = "dwarf-with-dsym";
				ENABLE_NS_ASSERTIONS = NO;
				ENABLE_STRICT_OBJC_MSGSEND = YES;
				GCC_C_LANGUAGE_STANDARD = gnu11;
				GCC_NO_COMMON_BLOCKS = YES;
				GCC_WARN_64_TO_32_BIT_CONVERSION = YES;
				GCC_WARN_ABOUT_RETURN_TYPE = YES_ERROR;
				GCC_WARN_UNDECLARED_SELECTOR = YES;
				GCC_WARN_UNINITIALIZED_AUTOS = YES_AGGRESSIVE;
				GCC_WARN_UNUSED_FUNCTION = YES;
				GCC_WARN_UNUSED_VARIABLE = YES;
				MTL_ENABLE_DEBUG_INFO = NO;
				MTL_FAST_MATH = YES;
				SWIFT_COMPILATION_MODE = wholemodule;
				SWIFT_OPTIMIZATION_LEVEL = "-O";
			};
			name = Release;
		};
		85773AA12690BD9B004083BE /* Debug */ = {
			isa = XCBuildConfiguration;
			buildSettings = {
				ASSETCATALOG_COMPILER_APPICON_NAME = AppIcon;
				ASSETCATALOG_COMPILER_GLOBAL_ACCENT_COLOR_NAME = AccentColor;
				CODE_SIGN_ENTITLEMENTS = personal_site_app.entitlements;
				CODE_SIGN_STYLE = Automatic;
				DEVELOPMENT_TEAM = 99C2LB4W93;
				ENABLE_PREVIEWS = YES;
				INFOPLIST_FILE = iOS/Info.plist;
				IPHONEOS_DEPLOYMENT_TARGET = 14.0;
				LD_RUNPATH_SEARCH_PATHS = (
					"$(inherited)",
					"@executable_path/Frameworks",
				);
				PRODUCT_BUNDLE_IDENTIFIER = "ru.coolone.personal-site-app2";
				PRODUCT_NAME = personal_site_app;
				SDKROOT = iphoneos;
				SUPPORTS_MACCATALYST = YES;
				SWIFT_VERSION = 5.0;
				TARGETED_DEVICE_FAMILY = "1,2";
			};
			name = Debug;
		};
		85773AA22690BD9B004083BE /* Release */ = {
			isa = XCBuildConfiguration;
			buildSettings = {
				ASSETCATALOG_COMPILER_APPICON_NAME = AppIcon;
				ASSETCATALOG_COMPILER_GLOBAL_ACCENT_COLOR_NAME = AccentColor;
				CODE_SIGN_ENTITLEMENTS = personal_site_app.entitlements;
				CODE_SIGN_STYLE = Automatic;
				DEVELOPMENT_TEAM = 99C2LB4W93;
				ENABLE_PREVIEWS = YES;
				INFOPLIST_FILE = iOS/Info.plist;
				IPHONEOS_DEPLOYMENT_TARGET = 14.0;
				LD_RUNPATH_SEARCH_PATHS = (
					"$(inherited)",
					"@executable_path/Frameworks",
				);
				PRODUCT_BUNDLE_IDENTIFIER = "ru.coolone.personal-site-app2";
				PRODUCT_NAME = personal_site_app;
				SDKROOT = iphoneos;
				SUPPORTS_MACCATALYST = YES;
				SWIFT_VERSION = 5.0;
				TARGETED_DEVICE_FAMILY = "1,2";
				VALIDATE_PRODUCT = YES;
			};
			name = Release;
		};
		85773AA42690BD9B004083BE /* Debug */ = {
			isa = XCBuildConfiguration;
			buildSettings = {
				ASSETCATALOG_COMPILER_APPICON_NAME = AppIcon;
				ASSETCATALOG_COMPILER_GLOBAL_ACCENT_COLOR_NAME = AccentColor;
				CODE_SIGN_ENTITLEMENTS = macOS/macOS.entitlements;
				CODE_SIGN_STYLE = Automatic;
				COMBINE_HIDPI_IMAGES = YES;
				DEVELOPMENT_TEAM = 99C2LB4W93;
				ENABLE_HARDENED_RUNTIME = YES;
				ENABLE_PREVIEWS = YES;
				INFOPLIST_FILE = macOS/Info.plist;
				LD_RUNPATH_SEARCH_PATHS = (
					"$(inherited)",
					"@executable_path/../Frameworks",
				);
				MACOSX_DEPLOYMENT_TARGET = 11.0;
				PRODUCT_BUNDLE_IDENTIFIER = "ru.coolone.personal-site-app";
				PRODUCT_NAME = personal_site_app;
				SDKROOT = macosx;
				SWIFT_VERSION = 5.0;
			};
			name = Debug;
		};
		85773AA52690BD9B004083BE /* Release */ = {
			isa = XCBuildConfiguration;
			buildSettings = {
				ASSETCATALOG_COMPILER_APPICON_NAME = AppIcon;
				ASSETCATALOG_COMPILER_GLOBAL_ACCENT_COLOR_NAME = AccentColor;
				CODE_SIGN_ENTITLEMENTS = macOS/macOS.entitlements;
				CODE_SIGN_STYLE = Automatic;
				COMBINE_HIDPI_IMAGES = YES;
				DEVELOPMENT_TEAM = 99C2LB4W93;
				ENABLE_HARDENED_RUNTIME = YES;
				ENABLE_PREVIEWS = YES;
				INFOPLIST_FILE = macOS/Info.plist;
				LD_RUNPATH_SEARCH_PATHS = (
					"$(inherited)",
					"@executable_path/../Frameworks",
				);
				MACOSX_DEPLOYMENT_TARGET = 11.0;
				PRODUCT_BUNDLE_IDENTIFIER = "ru.coolone.personal-site-app";
				PRODUCT_NAME = personal_site_app;
				SDKROOT = macosx;
				SWIFT_VERSION = 5.0;
			};
			name = Release;
		};
		85773AA72690BD9B004083BE /* Debug */ = {
			isa = XCBuildConfiguration;
			buildSettings = {
				ALWAYS_EMBED_SWIFT_STANDARD_LIBRARIES = YES;
				CODE_SIGN_STYLE = Automatic;
				DEVELOPMENT_TEAM = 99C2LB4W93;
				INFOPLIST_FILE = "Tests iOS/Info.plist";
				IPHONEOS_DEPLOYMENT_TARGET = 14.5;
				LD_RUNPATH_SEARCH_PATHS = (
					"$(inherited)",
					"@executable_path/Frameworks",
					"@loader_path/Frameworks",
				);
				PRODUCT_BUNDLE_IDENTIFIER = "ru.coolone.Tests-iOS";
				PRODUCT_NAME = "$(TARGET_NAME)";
				SDKROOT = iphoneos;
				SWIFT_VERSION = 5.0;
				TARGETED_DEVICE_FAMILY = "1,2";
				TEST_TARGET_NAME = "personal_site_app (iOS)";
			};
			name = Debug;
		};
		85773AA82690BD9B004083BE /* Release */ = {
			isa = XCBuildConfiguration;
			buildSettings = {
				ALWAYS_EMBED_SWIFT_STANDARD_LIBRARIES = YES;
				CODE_SIGN_STYLE = Automatic;
				DEVELOPMENT_TEAM = 99C2LB4W93;
				INFOPLIST_FILE = "Tests iOS/Info.plist";
				IPHONEOS_DEPLOYMENT_TARGET = 14.5;
				LD_RUNPATH_SEARCH_PATHS = (
					"$(inherited)",
					"@executable_path/Frameworks",
					"@loader_path/Frameworks",
				);
				PRODUCT_BUNDLE_IDENTIFIER = "ru.coolone.Tests-iOS";
				PRODUCT_NAME = "$(TARGET_NAME)";
				SDKROOT = iphoneos;
				SWIFT_VERSION = 5.0;
				TARGETED_DEVICE_FAMILY = "1,2";
				TEST_TARGET_NAME = "personal_site_app (iOS)";
				VALIDATE_PRODUCT = YES;
			};
			name = Release;
		};
		85773AAA2690BD9B004083BE /* Debug */ = {
			isa = XCBuildConfiguration;
			buildSettings = {
				ALWAYS_EMBED_SWIFT_STANDARD_LIBRARIES = YES;
				CODE_SIGN_STYLE = Automatic;
				COMBINE_HIDPI_IMAGES = YES;
				DEVELOPMENT_TEAM = 99C2LB4W93;
				INFOPLIST_FILE = "Tests macOS/Info.plist";
				LD_RUNPATH_SEARCH_PATHS = (
					"$(inherited)",
					"@executable_path/../Frameworks",
					"@loader_path/../Frameworks",
				);
				MACOSX_DEPLOYMENT_TARGET = 11.3;
				PRODUCT_BUNDLE_IDENTIFIER = "ru.coolone.Tests-macOS";
				PRODUCT_NAME = "$(TARGET_NAME)";
				SDKROOT = macosx;
				SWIFT_VERSION = 5.0;
				TEST_TARGET_NAME = "personal_site_app (macOS)";
			};
			name = Debug;
		};
		85773AAB2690BD9B004083BE /* Release */ = {
			isa = XCBuildConfiguration;
			buildSettings = {
				ALWAYS_EMBED_SWIFT_STANDARD_LIBRARIES = YES;
				CODE_SIGN_STYLE = Automatic;
				COMBINE_HIDPI_IMAGES = YES;
				DEVELOPMENT_TEAM = 99C2LB4W93;
				INFOPLIST_FILE = "Tests macOS/Info.plist";
				LD_RUNPATH_SEARCH_PATHS = (
					"$(inherited)",
					"@executable_path/../Frameworks",
					"@loader_path/../Frameworks",
				);
				MACOSX_DEPLOYMENT_TARGET = 11.3;
				PRODUCT_BUNDLE_IDENTIFIER = "ru.coolone.Tests-macOS";
				PRODUCT_NAME = "$(TARGET_NAME)";
				SDKROOT = macosx;
				SWIFT_VERSION = 5.0;
				TEST_TARGET_NAME = "personal_site_app (macOS)";
			};
			name = Release;
		};
/* End XCBuildConfiguration section */

/* Begin XCConfigurationList section */
		85773A6D2690BD9A004083BE /* Build configuration list for PBXProject "personal_site_app" */ = {
			isa = XCConfigurationList;
			buildConfigurations = (
				85773A9E2690BD9B004083BE /* Debug */,
				85773A9F2690BD9B004083BE /* Release */,
			);
			defaultConfigurationIsVisible = 0;
			defaultConfigurationName = Release;
		};
		85773AA02690BD9B004083BE /* Build configuration list for PBXNativeTarget "personal_site_app (iOS)" */ = {
			isa = XCConfigurationList;
			buildConfigurations = (
				85773AA12690BD9B004083BE /* Debug */,
				85773AA22690BD9B004083BE /* Release */,
			);
			defaultConfigurationIsVisible = 0;
			defaultConfigurationName = Release;
		};
		85773AA32690BD9B004083BE /* Build configuration list for PBXNativeTarget "personal_site_app (macOS)" */ = {
			isa = XCConfigurationList;
			buildConfigurations = (
				85773AA42690BD9B004083BE /* Debug */,
				85773AA52690BD9B004083BE /* Release */,
			);
			defaultConfigurationIsVisible = 0;
			defaultConfigurationName = Release;
		};
		85773AA62690BD9B004083BE /* Build configuration list for PBXNativeTarget "Tests iOS" */ = {
			isa = XCConfigurationList;
			buildConfigurations = (
				85773AA72690BD9B004083BE /* Debug */,
				85773AA82690BD9B004083BE /* Release */,
			);
			defaultConfigurationIsVisible = 0;
			defaultConfigurationName = Release;
		};
		85773AA92690BD9B004083BE /* Build configuration list for PBXNativeTarget "Tests macOS" */ = {
			isa = XCConfigurationList;
			buildConfigurations = (
				85773AAA2690BD9B004083BE /* Debug */,
				85773AAB2690BD9B004083BE /* Release */,
			);
			defaultConfigurationIsVisible = 0;
			defaultConfigurationName = Release;
		};
/* End XCConfigurationList section */

/* Begin XCRemoteSwiftPackageReference section */
		851F72F226ADE94500E65D5F /* XCRemoteSwiftPackageReference "HighlightedTextEditor" */ = {
			isa = XCRemoteSwiftPackageReference;
			repositoryURL = "https://github.com/kyle-n/HighlightedTextEditor";
			requirement = {
				kind = upToNextMajorVersion;
				minimumVersion = 2.0.2;
			};
		};
		85773AFF26910CE0004083BE /* XCRemoteSwiftPackageReference "Alamofire" */ = {
			isa = XCRemoteSwiftPackageReference;
			repositoryURL = "https://github.com/Alamofire/Alamofire";
			requirement = {
				kind = upToNextMajorVersion;
				minimumVersion = 5.4.3;
			};
		};
		85773B2826926E1B004083BE /* XCRemoteSwiftPackageReference "SwiftUI-Introspect" */ = {
			isa = XCRemoteSwiftPackageReference;
			repositoryURL = "https://github.com/siteline/SwiftUI-Introspect";
			requirement = {
				branch = master;
				kind = branch;
			};
		};
		8591FF9126A6E9390015C5EE /* XCRemoteSwiftPackageReference "Kingfisher" */ = {
			isa = XCRemoteSwiftPackageReference;
			repositoryURL = "https://github.com/onevcat/Kingfisher";
			requirement = {
				branch = master;
				kind = branch;
			};
		};
		85EA6B7626BD6C20008A3FBC /* XCRemoteSwiftPackageReference "Publish" */ = {
			isa = XCRemoteSwiftPackageReference;
			repositoryURL = "http://github.com/CoolONEOfficial/Publish";
			requirement = {
				branch = master;
				kind = branch;
			};
		};
		85EA6B7C26BDACD9008A3FBC /* XCRemoteSwiftPackageReference "zip" */ = {
			isa = XCRemoteSwiftPackageReference;
			repositoryURL = "http://github.com/marmelroy/zip";
			requirement = {
				kind = upToNextMajorVersion;
				minimumVersion = 2.1.1;
			};
		};
		85EA6B8126BE93F0008A3FBC /* XCRemoteSwiftPackageReference "GCDWebServer" */ = {
			isa = XCRemoteSwiftPackageReference;
			repositoryURL = "https://github.com/nostradani/GCDWebServer";
			requirement = {
				branch = master;
				kind = branch;
			};
		};
		85EA6B8E26BEC41B008A3FBC /* XCRemoteSwiftPackageReference "Ink" */ = {
			isa = XCRemoteSwiftPackageReference;
			repositoryURL = "https://github.com/JohnSundell/Ink";
			requirement = {
				kind = upToNextMajorVersion;
				minimumVersion = 0.5.1;
			};
		};
/* End XCRemoteSwiftPackageReference section */

/* Begin XCSwiftPackageProductDependency section */
		851F72E726AA37E600E65D5F /* Introspect */ = {
			isa = XCSwiftPackageProductDependency;
			package = 85773B2826926E1B004083BE /* XCRemoteSwiftPackageReference "SwiftUI-Introspect" */;
			productName = Introspect;
		};
		851F72F326ADE94500E65D5F /* HighlightedTextEditor */ = {
			isa = XCSwiftPackageProductDependency;
			package = 851F72F226ADE94500E65D5F /* XCRemoteSwiftPackageReference "HighlightedTextEditor" */;
			productName = HighlightedTextEditor;
		};
		851F72F526ADE95400E65D5F /* HighlightedTextEditor */ = {
			isa = XCSwiftPackageProductDependency;
			package = 851F72F226ADE94500E65D5F /* XCRemoteSwiftPackageReference "HighlightedTextEditor" */;
			productName = HighlightedTextEditor;
		};
		85773B0026910CE0004083BE /* Alamofire */ = {
			isa = XCSwiftPackageProductDependency;
			package = 85773AFF26910CE0004083BE /* XCRemoteSwiftPackageReference "Alamofire" */;
			productName = Alamofire;
		};
		85773B0226910CE6004083BE /* Alamofire */ = {
			isa = XCSwiftPackageProductDependency;
			package = 85773AFF26910CE0004083BE /* XCRemoteSwiftPackageReference "Alamofire" */;
			productName = Alamofire;
		};
		85773B2926926E1B004083BE /* Introspect */ = {
			isa = XCSwiftPackageProductDependency;
			package = 85773B2826926E1B004083BE /* XCRemoteSwiftPackageReference "SwiftUI-Introspect" */;
			productName = Introspect;
		};
		8591FF9226A6E9390015C5EE /* Kingfisher */ = {
			isa = XCSwiftPackageProductDependency;
			package = 8591FF9126A6E9390015C5EE /* XCRemoteSwiftPackageReference "Kingfisher" */;
			productName = Kingfisher;
		};
		8591FF9426A6E94F0015C5EE /* Kingfisher */ = {
			isa = XCSwiftPackageProductDependency;
			package = 8591FF9126A6E9390015C5EE /* XCRemoteSwiftPackageReference "Kingfisher" */;
			productName = Kingfisher;
		};
		85EA6B7726BD6C20008A3FBC /* Publish */ = {
			isa = XCSwiftPackageProductDependency;
			package = 85EA6B7626BD6C20008A3FBC /* XCRemoteSwiftPackageReference "Publish" */;
			productName = Publish;
		};
		85EA6B7D26BDACD9008A3FBC /* Zip */ = {
			isa = XCSwiftPackageProductDependency;
			package = 85EA6B7C26BDACD9008A3FBC /* XCRemoteSwiftPackageReference "zip" */;
			productName = Zip;
		};
		85EA6B7F26BDACE8008A3FBC /* Zip */ = {
			isa = XCSwiftPackageProductDependency;
			package = 85EA6B7C26BDACD9008A3FBC /* XCRemoteSwiftPackageReference "zip" */;
			productName = Zip;
		};
		85EA6B8226BE93F0008A3FBC /* GCDWebServers */ = {
			isa = XCSwiftPackageProductDependency;
			package = 85EA6B8126BE93F0008A3FBC /* XCRemoteSwiftPackageReference "GCDWebServer" */;
			productName = GCDWebServers;
		};
		85EA6B8F26BEC41B008A3FBC /* Ink */ = {
			isa = XCSwiftPackageProductDependency;
			package = 85EA6B8E26BEC41B008A3FBC /* XCRemoteSwiftPackageReference "Ink" */;
			productName = Ink;
		};
/* End XCSwiftPackageProductDependency section */
	};
	rootObject = 85773A6A2690BD9A004083BE /* Project object */;
}
